Microsoft Visual Studio Solution File, Format Version 12.00
# Visual Studio Version 17
VisualStudioVersion = 17.5.2.0
MinimumVisualStudioVersion = 10.0.40219.1
Project("{FAE04EC0-301F-11D3-BF4B-00C04F79EFBC}") = "Exchanger", "Exchanger.csproj", "{E9FF85D8-B82B-A550-D1DA-F13123D84C42}"
EndProject
Global
	GlobalSection(SolutionConfigurationPlatforms) = preSolution
		Debug|Any CPU = Debug|Any CPU
		Release|Any CPU = Release|Any CPU
	EndGlobalSection
	GlobalSection(ProjectConfigurationPlatforms) = postSolution
		{E9FF85D8-B82B-A550-D1DA-F13123D84C42}.Debug|Any CPU.ActiveCfg = Debug|Any CPU
		{E9FF85D8-B82B-A550-D1DA-F13123D84C42}.Debug|Any CPU.Build.0 = Debug|Any CPU
		{E9FF85D8-B82B-A550-D1DA-F13123D84C42}.Release|Any CPU.ActiveCfg = Release|Any CPU
		{E9FF85D8-B82B-A550-D1DA-F13123D84C42}.Release|Any CPU.Build.0 = Release|Any CPU
	EndGlobalSection
	GlobalSection(SolutionProperties) = preSolution
		HideSolutionNode = FALSE
	EndGlobalSection
	GlobalSection(ExtensibilityGlobals) = postSolution
		SolutionGuid = {76838415-B9D2-475D-A7BC-F6A17CB60CCA}
	EndGlobalSection
EndGlobal
